github.com/aopoltorzhicky/go_kraken v0.0.4 h1:E+G+6Zt3dmvABvp0GOQGhwAJRB4fvvvmr/GwLnnfsAs=
github.com/aopoltorzhicky/go_kraken v0.0.4/go.mod h1:fZ0Ww16rV0EIex/aIFCp2Z/8SkHw9ijkxbKUy42brhk=
github.com/aopoltorzhicky/go_kraken/rest v0.0.3 h1:oTRp0xqqsq0g83UOu6dCQtbKTk1lZjqtH3TsaDwDt/o=
github.com/aopoltorzhicky/go_kraken/rest v0.0.3/go.mod h1:cen8hPWBicFQ1T4EoseSAkxvCD7zzZYIzxb0OVTHDk0=
github.com/aopoltorzhicky/go_kraken/websocket v0.1.4 h1:8wcCAyRWPcO4yL2Li1h7seT+UVzV1ZYmruB5WYNWT20=
github.com/aopoltorzhicky/go_kraken/websocket v0.1.4/go.mod h1:sZcLsk2Mo+0tVx69hBEhcIkmbEsTC86GzLzLoOq08gg=
github.com/bmizerany/pat v0.0.0-20210406213842-e4b6760bdd6f h1:gOO/tNZMjjvTKZWpY7YnXC72ULNLErRtp94LountVE8=
github.com/bmizerany/pat v0.0.0-20210406213842-e4b6760bdd6f/go.mod h1:8rLXio+WjiTceGBHIoTvn60HIbs7Hm7bcHjyrSqYB9c=
github.com/davecgh/go-spew v1.1.1/go.mod h1:J7Y8YcW2NihsgmVo/mv3lAwl/skON4iLHjSsI+c5H38=
github.com/gorilla/websocket v1.4.1 h1:q7AeDBpnBk8AogcD4DSag/Ukw/KV+YhzLj2bP5HvKCM=
github.com/gorilla/websocket v1.4.1/go.mod h1:YR8l580nyteQvAITg2hZ9XVh4b55+EU/adAjf1fMHhE=
github.com/pkg/errors v0.9.1 h1:FEBLx1zS214owpjy7qsBeixbURkuhQAwrK5UwLGTwt4=
github.com/pkg/errors v0.9.1/go.mod h1:bwawxfHBFNV+L2hUp1rHADufV3IMtnDRdf1r5NINEl0=
github.com/pmezard/go-difflib v1.0.0/go.mod h1:iKH77koFhYxTK1pcRnkKkqfTogsbg7gZNVY4sRDYZ/4=
github.com/sirupsen/logrus v1.8.1 h1:dJKuHgqk1NNQlqoA6BTlM1Wf9DOH3NBjQyu0h9+AZZE=
github.com/sirupsen/logrus v1.8.1/go.mod h1:yWOB1SBYBC5VeMP7gHvWumXLIWorT60ONWic61uBYv0=
github.com/stretchr/testify v1.2.2/go.mod h1:a8OnRcib4nhh0OaRAV+Yts87kKdq0PP7pXfy6kDkUVs=
golang.org/x/sys v0.0.0-20191026070338-33540a1f6037 h1:YyJpGZS1sBuBCzLAR1VEpK193GlqGZbnPFnPV/5Rsb4=
golang.org/x/sys v0.0.0-20191026070338-33540a1f6037/go.mod h1:h1NjWce9XRLGQEsW7wpKNCjG9DtNlClVuFLEZdDNbEs=
